
Microsoft Visual Studio Solution File, Format Version 12.00
# Visual Studio Version 17
VisualStudioVersion = 17.0.31903.59
MinimumVisualStudioVersion = 10.0.40219.1
Project("{2150E333-8FDC-42A3-9474-1A3956D46DE8}") = "src", "src", "{827E0CD3-B72D-47B6-A68D-7590B98EB39B}"
EndProject
Project("{FAE04EC0-301F-11D3-BF4B-00C04F79EFBC}") = "Inklume.AI", "src\Inklume.AI\Inklume.AI.csproj", "{9B33DE48-1A70-41C1-8A60-A67963605DA3}"
EndProject
Project("{FAE04EC0-301F-11D3-BF4B-00C04F79EFBC}") = "Inklume.Application", "src\Inklume.Application\Inklume.Application.csproj", "{88D14B27-70B6-4CB9-8ACD-F7991A175834}"
EndProject
Project("{FAE04EC0-301F-11D3-BF4B-00C04F79EFBC}") = "Inklume.Domain", "src\Inklume.Domain\Inklume.Domain.csproj", "{B0288084-9245-4054-BB43-56FC187D29B5}"
EndProject
Project("{FAE04EC0-301F-11D3-BF4B-00C04F79EFBC}") = "Inklume.Desktop", "src\Inklume.Desktop\Inklume.Desktop.csproj", "{86A26B75-0719-4C47-BC51-9C586424F6F8}"
EndProject
Project("{FAE04EC0-301F-11D3-BF4B-00C04F79EFBC}") = "Inklume.Imaging", "src\Inklume.Imaging\Inklume.Imaging.csproj", "{CDE2FC1F-F49B-43EA-95FA-C16887D77BD3}"
EndProject
Project("{FAE04EC0-301F-11D3-BF4B-00C04F79EFBC}") = "Inklume.Infrastructure", "src\Inklume.Infrastructure\Inklume.Infrastructure.csproj", "{074A6A23-71A5-4E22-8752-229D4745D2B9}"
EndProject
Project("{FAE04EC0-301F-11D3-BF4B-00C04F79EFBC}") = "Inklume.Worker", "src\Inklume.Worker\Inklume.Worker.csproj", "{47CA7C54-122C-42FE-A5B2-6DA5253FC81D}"
EndProject
Project("{2150E333-8FDC-42A3-9474-1A3956D46DE8}") = "tests", "tests", "{0AB3BF05-4346-4AA6-1389-037BE0695223}"
EndProject
Project("{FAE04EC0-301F-11D3-BF4B-00C04F79EFBC}") = "Inklume.Application.Tests", "tests\Inklume.Application.Tests\Inklume.Application.Tests.csproj", "{AFB87429-16AB-4619-880D-91B292030E70}"
EndProject
Project("{FAE04EC0-301F-11D3-BF4B-00C04F79EFBC}") = "Inklume.Domain.Tests", "tests\Inklume.Domain.Tests\Inklume.Domain.Tests.csproj", "{CEFF04D5-896C-47DB-B0FB-B31BBDEAC3E7}"
EndProject
Project("{FAE04EC0-301F-11D3-BF4B-00C04F79EFBC}") = "Inklume.Imaging.Tests", "tests\Inklume.Imaging.Tests\Inklume.Imaging.Tests.csproj", "{9580FDFC-37A4-41A0-8B3A-CA9FC9812D9E}"
EndProject
Project("{FAE04EC0-301F-11D3-BF4B-00C04F79EFBC}") = "Inklume.Infrastructure.Tests", "tests\Inklume.Infrastructure.Tests\Inklume.Infrastructure.Tests.csproj", "{4DB8524C-E361-42FD-83C7-8276E865E2D4}"
EndProject
Project("{FAE04EC0-301F-11D3-BF4B-00C04F79EFBC}") = "Inklume.Desktop.Tests", "tests\Inklume.Desktop.Tests\Inklume.Desktop.Tests.csproj", "{C61513E1-8471-40F7-874C-2DA8C45275FB}"
EndProject
Global
	GlobalSection(SolutionConfigurationPlatforms) = preSolution
		Debug|Any CPU = Debug|Any CPU
		Debug|x64 = Debug|x64
		Debug|x86 = Debug|x86
		Release|Any CPU = Release|Any CPU
		Release|x64 = Release|x64
		Release|x86 = Release|x86
	EndGlobalSection
	GlobalSection(ProjectConfigurationPlatforms) = postSolution
		{9B33DE48-1A70-41C1-8A60-A67963605DA3}.Debug|Any CPU.ActiveCfg = Debug|Any CPU
		{9B33DE48-1A70-41C1-8A60-A67963605DA3}.Debug|Any CPU.Build.0 = Debug|Any CPU
		{9B33DE48-1A70-41C1-8A60-A67963605DA3}.Debug|x64.ActiveCfg = Debug|Any CPU
		{9B33DE48-1A70-41C1-8A60-A67963605DA3}.Debug|x64.Build.0 = Debug|Any CPU
		{9B33DE48-1A70-41C1-8A60-A67963605DA3}.Debug|x86.ActiveCfg = Debug|Any CPU
		{9B33DE48-1A70-41C1-8A60-A67963605DA3}.Debug|x86.Build.0 = Debug|Any CPU
		{9B33DE48-1A70-41C1-8A60-A67963605DA3}.Release|Any CPU.ActiveCfg = Release|Any CPU
		{9B33DE48-1A70-41C1-8A60-A67963605DA3}.Release|Any CPU.Build.0 = Release|Any CPU
		{9B33DE48-1A70-41C1-8A60-A67963605DA3}.Release|x64.ActiveCfg = Release|Any CPU
		{9B33DE48-1A70-41C1-8A60-A67963605DA3}.Release|x64.Build.0 = Release|Any CPU
		{9B33DE48-1A70-41C1-8A60-A67963605DA3}.Release|x86.ActiveCfg = Release|Any CPU
		{9B33DE48-1A70-41C1-8A60-A67963605DA3}.Release|x86.Build.0 = Release|Any CPU
		{88D14B27-70B6-4CB9-8ACD-F7991A175834}.Debug|Any CPU.ActiveCfg = Debug|Any CPU
		{88D14B27-70B6-4CB9-8ACD-F7991A175834}.Debug|Any CPU.Build.0 = Debug|Any CPU
		{88D14B27-70B6-4CB9-8ACD-F7991A175834}.Debug|x64.ActiveCfg = Debug|Any CPU
		{88D14B27-70B6-4CB9-8ACD-F7991A175834}.Debug|x64.Build.0 = Debug|Any CPU
		{88D14B27-70B6-4CB9-8ACD-F7991A175834}.Debug|x86.ActiveCfg = Debug|Any CPU
		{88D14B27-70B6-4CB9-8ACD-F7991A175834}.Debug|x86.Build.0 = Debug|Any CPU
		{88D14B27-70B6-4CB9-8ACD-F7991A175834}.Release|Any CPU.ActiveCfg = Release|Any CPU
		{88D14B27-70B6-4CB9-8ACD-F7991A175834}.Release|Any CPU.Build.0 = Release|Any CPU
		{88D14B27-70B6-4CB9-8ACD-F7991A175834}.Release|x64.ActiveCfg = Release|Any CPU
		{88D14B27-70B6-4CB9-8ACD-F7991A175834}.Release|x64.Build.0 = Release|Any CPU
		{88D14B27-70B6-4CB9-8ACD-F7991A175834}.Release|x86.ActiveCfg = Release|Any CPU
		{88D14B27-70B6-4CB9-8ACD-F7991A175834}.Release|x86.Build.0 = Release|Any CPU
		{B0288084-9245-4054-BB43-56FC187D29B5}.Debug|Any CPU.ActiveCfg = Debug|Any CPU
		{B0288084-9245-4054-BB43-56FC187D29B5}.Debug|Any CPU.Build.0 = Debug|Any CPU
		{B0288084-9245-4054-BB43-56FC187D29B5}.Debug|x64.ActiveCfg = Debug|Any CPU
		{B0288084-9245-4054-BB43-56FC187D29B5}.Debug|x64.Build.0 = Debug|Any CPU
		{B0288084-9245-4054-BB43-56FC187D29B5}.Debug|x86.ActiveCfg = Debug|Any CPU
		{B0288084-9245-4054-BB43-56FC187D29B5}.Debug|x86.Build.0 = Debug|Any CPU
		{B0288084-9245-4054-BB43-56FC187D29B5}.Release|Any CPU.ActiveCfg = Release|Any CPU
		{B0288084-9245-4054-BB43-56FC187D29B5}.Release|Any CPU.Build.0 = Release|Any CPU
		{B0288084-9245-4054-BB43-56FC187D29B5}.Release|x64.ActiveCfg = Release|Any CPU
		{B0288084-9245-4054-BB43-56FC187D29B5}.Release|x64.Build.0 = Release|Any CPU
		{B0288084-9245-4054-BB43-56FC187D29B5}.Release|x86.ActiveCfg = Release|Any CPU
		{B0288084-9245-4054-BB43-56FC187D29B5}.Release|x86.Build.0 = Release|Any CPU
		{86A26B75-0719-4C47-BC51-9C586424F6F8}.Debug|Any CPU.ActiveCfg = Debug|Any CPU
		{86A26B75-0719-4C47-BC51-9C586424F6F8}.Debug|Any CPU.Build.0 = Debug|Any CPU
		{86A26B75-0719-4C47-BC51-9C586424F6F8}.Debug|x64.ActiveCfg = Debug|Any CPU
		{86A26B75-0719-4C47-BC51-9C586424F6F8}.Debug|x64.Build.0 = Debug|Any CPU
		{86A26B75-0719-4C47-BC51-9C586424F6F8}.Debug|x86.ActiveCfg = Debug|Any CPU
		{86A26B75-0719-4C47-BC51-9C586424F6F8}.Debug|x86.Build.0 = Debug|Any CPU
		{86A26B75-0719-4C47-BC51-9C586424F6F8}.Release|Any CPU.ActiveCfg = Release|Any CPU
		{86A26B75-0719-4C47-BC51-9C586424F6F8}.Release|Any CPU.Build.0 = Release|Any CPU
		{86A26B75-0719-4C47-BC51-9C586424F6F8}.Release|x64.ActiveCfg = Release|Any CPU
		{86A26B75-0719-4C47-BC51-9C586424F6F8}.Release|x64.Build.0 = Release|Any CPU
		{86A26B75-0719-4C47-BC51-9C586424F6F8}.Release|x86.ActiveCfg = Release|Any CPU
		{86A26B75-0719-4C47-BC51-9C586424F6F8}.Release|x86.Build.0 = Release|Any CPU
		{CDE2FC1F-F49B-43EA-95FA-C16887D77BD3}.Debug|Any CPU.ActiveCfg = Debug|Any CPU
		{CDE2FC1F-F49B-43EA-95FA-C16887D77BD3}.Debug|Any CPU.Build.0 = Debug|Any CPU
		{CDE2FC1F-F49B-43EA-95FA-C16887D77BD3}.Debug|x64.ActiveCfg = Debug|Any CPU
		{CDE2FC1F-F49B-43EA-95FA-C16887D77BD3}.Debug|x64.Build.0 = Debug|Any CPU
		{CDE2FC1F-F49B-43EA-95FA-C16887D77BD3}.Debug|x86.ActiveCfg = Debug|Any CPU
		{CDE2FC1F-F49B-43EA-95FA-C16887D77BD3}.Debug|x86.Build.0 = Debug|Any CPU
		{CDE2FC1F-F49B-43EA-95FA-C16887D77BD3}.Release|Any CPU.ActiveCfg = Release|Any CPU
		{CDE2FC1F-F49B-43EA-95FA-C16887D77BD3}.Release|Any CPU.Build.0 = Release|Any CPU
		{CDE2FC1F-F49B-43EA-95FA-C16887D77BD3}.Release|x64.ActiveCfg = Release|Any CPU
		{CDE2FC1F-F49B-43EA-95FA-C16887D77BD3}.Release|x64.Build.0 = Release|Any CPU
		{CDE2FC1F-F49B-43EA-95FA-C16887D77BD3}.Release|x86.ActiveCfg = Release|Any CPU
		{CDE2FC1F-F49B-43EA-95FA-C16887D77BD3}.Release|x86.Build.0 = Release|Any CPU
		{074A6A23-71A5-4E22-8752-229D4745D2B9}.Debug|Any CPU.ActiveCfg = Debug|Any CPU
		{074A6A23-71A5-4E22-8752-229D4745D2B9}.Debug|Any CPU.Build.0 = Debug|Any CPU
		{074A6A23-71A5-4E22-8752-229D4745D2B9}.Debug|x64.ActiveCfg = Debug|Any CPU
		{074A6A23-71A5-4E22-8752-229D4745D2B9}.Debug|x64.Build.0 = Debug|Any CPU
		{074A6A23-71A5-4E22-8752-229D4745D2B9}.Debug|x86.ActiveCfg = Debug|Any CPU
		{074A6A23-71A5-4E22-8752-229D4745D2B9}.Debug|x86.Build.0 = Debug|Any CPU
		{074A6A23-71A5-4E22-8752-229D4745D2B9}.Release|Any CPU.ActiveCfg = Release|Any CPU
		{074A6A23-71A5-4E22-8752-229D4745D2B9}.Release|Any CPU.Build.0 = Release|Any CPU
		{074A6A23-71A5-4E22-8752-229D4745D2B9}.Release|x64.ActiveCfg = Release|Any CPU
		{074A6A23-71A5-4E22-8752-229D4745D2B9}.Release|x64.Build.0 = Release|Any CPU
		{074A6A23-71A5-4E22-8752-229D4745D2B9}.Release|x86.ActiveCfg = Release|Any CPU
		{074A6A23-71A5-4E22-8752-229D4745D2B9}.Release|x86.Build.0 = Release|Any CPU
		{47CA7C54-122C-42FE-A5B2-6DA5253FC81D}.Debug|Any CPU.ActiveCfg = Debug|Any CPU
		{47CA7C54-122C-42FE-A5B2-6DA5253FC81D}.Debug|Any CPU.Build.0 = Debug|Any CPU
		{47CA7C54-122C-42FE-A5B2-6DA5253FC81D}.Debug|x64.ActiveCfg = Debug|Any CPU
		{47CA7C54-122C-42FE-A5B2-6DA5253FC81D}.Debug|x64.Build.0 = Debug|Any CPU
		{47CA7C54-122C-42FE-A5B2-6DA5253FC81D}.Debug|x86.ActiveCfg = Debug|Any CPU
		{47CA7C54-122C-42FE-A5B2-6DA5253FC81D}.Debug|x86.Build.0 = Debug|Any CPU
		{47CA7C54-122C-42FE-A5B2-6DA5253FC81D}.Release|Any CPU.ActiveCfg = Release|Any CPU
		{47CA7C54-122C-42FE-A5B2-6DA5253FC81D}.Release|Any CPU.Build.0 = Release|Any CPU
		{47CA7C54-122C-42FE-A5B2-6DA5253FC81D}.Release|x64.ActiveCfg = Release|Any CPU
		{47CA7C54-122C-42FE-A5B2-6DA5253FC81D}.Release|x64.Build.0 = Release|Any CPU
		{47CA7C54-122C-42FE-A5B2-6DA5253FC81D}.Release|x86.ActiveCfg = Release|Any CPU
		{47CA7C54-122C-42FE-A5B2-6DA5253FC81D}.Release|x86.Build.0 = Release|Any CPU
		{AFB87429-16AB-4619-880D-91B292030E70}.Debug|Any CPU.ActiveCfg = Debug|Any CPU
		{AFB87429-16AB-4619-880D-91B292030E70}.Debug|Any CPU.Build.0 = Debug|Any CPU
		{AFB87429-16AB-4619-880D-91B292030E70}.Debug|x64.ActiveCfg = Debug|Any CPU
		{AFB87429-16AB-4619-880D-91B292030E70}.Debug|x64.Build.0 = Debug|Any CPU
		{AFB87429-16AB-4619-880D-91B292030E70}.Debug|x86.ActiveCfg = Debug|Any CPU
		{AFB87429-16AB-4619-880D-91B292030E70}.Debug|x86.Build.0 = Debug|Any CPU
		{AFB87429-16AB-4619-880D-91B292030E70}.Release|Any CPU.ActiveCfg = Release|Any CPU
		{AFB87429-16AB-4619-880D-91B292030E70}.Release|Any CPU.Build.0 = Release|Any CPU
		{AFB87429-16AB-4619-880D-91B292030E70}.Release|x64.ActiveCfg = Release|Any CPU
		{AFB87429-16AB-4619-880D-91B292030E70}.Release|x64.Build.0 = Release|Any CPU
		{AFB87429-16AB-4619-880D-91B292030E70}.Release|x86.ActiveCfg = Release|Any CPU
		{AFB87429-16AB-4619-880D-91B292030E70}.Release|x86.Build.0 = Release|Any CPU
		{CEFF04D5-896C-47DB-B0FB-B31BBDEAC3E7}.Debug|Any CPU.ActiveCfg = Debug|Any CPU
		{CEFF04D5-896C-47DB-B0FB-B31BBDEAC3E7}.Debug|Any CPU.Build.0 = Debug|Any CPU
		{CEFF04D5-896C-47DB-B0FB-B31BBDEAC3E7}.Debug|x64.ActiveCfg = Debug|Any CPU
		{CEFF04D5-896C-47DB-B0FB-B31BBDEAC3E7}.Debug|x64.Build.0 = Debug|Any CPU
		{CEFF04D5-896C-47DB-B0FB-B31BBDEAC3E7}.Debug|x86.ActiveCfg = Debug|Any CPU
		{CEFF04D5-896C-47DB-B0FB-B31BBDEAC3E7}.Debug|x86.Build.0 = Debug|Any CPU
		{CEFF04D5-896C-47DB-B0FB-B31BBDEAC3E7}.Release|Any CPU.ActiveCfg = Release|Any CPU
		{CEFF04D5-896C-47DB-B0FB-B31BBDEAC3E7}.Release|Any CPU.Build.0 = Release|Any CPU
		{CEFF04D5-896C-47DB-B0FB-B31BBDEAC3E7}.Release|x64.ActiveCfg = Release|Any CPU
		{CEFF04D5-896C-47DB-B0FB-B31BBDEAC3E7}.Release|x64.Build.0 = Release|Any CPU
		{CEFF04D5-896C-47DB-B0FB-B31BBDEAC3E7}.Release|x86.ActiveCfg = Release|Any CPU
		{CEFF04D5-896C-47DB-B0FB-B31BBDEAC3E7}.Release|x86.Build.0 = Release|Any CPU
		{9580FDFC-37A4-41A0-8B3A-CA9FC9812D9E}.Debug|Any CPU.ActiveCfg = Debug|Any CPU
		{9580FDFC-37A4-41A0-8B3A-CA9FC9812D9E}.Debug|Any CPU.Build.0 = Debug|Any CPU
		{9580FDFC-37A4-41A0-8B3A-CA9FC9812D9E}.Debug|x64.ActiveCfg = Debug|Any CPU
		{9580FDFC-37A4-41A0-8B3A-CA9FC9812D9E}.Debug|x64.Build.0 = Debug|Any CPU
		{9580FDFC-37A4-41A0-8B3A-CA9FC9812D9E}.Debug|x86.ActiveCfg = Debug|Any CPU
		{9580FDFC-37A4-41A0-8B3A-CA9FC9812D9E}.Debug|x86.Build.0 = Debug|Any CPU
		{9580FDFC-37A4-41A0-8B3A-CA9FC9812D9E}.Release|Any CPU.ActiveCfg = Release|Any CPU
		{9580FDFC-37A4-41A0-8B3A-CA9FC9812D9E}.Release|Any CPU.Build.0 = Release|Any CPU
		{9580FDFC-37A4-41A0-8B3A-CA9FC9812D9E}.Release|x64.ActiveCfg = Release|Any CPU
		{9580FDFC-37A4-41A0-8B3A-CA9FC9812D9E}.Release|x64.Build.0 = Release|Any CPU
		{9580FDFC-37A4-41A0-8B3A-CA9FC9812D9E}.Release|x86.ActiveCfg = Release|Any CPU
		{9580FDFC-37A4-41A0-8B3A-CA9FC9812D9E}.Release|x86.Build.0 = Release|Any CPU
		{4DB8524C-E361-42FD-83C7-8276E865E2D4}.Debug|Any CPU.ActiveCfg = Debug|Any CPU
		{4DB8524C-E361-42FD-83C7-8276E865E2D4}.Debug|Any CPU.Build.0 = Debug|Any CPU
		{4DB8524C-E361-42FD-83C7-8276E865E2D4}.Debug|x64.ActiveCfg = Debug|Any CPU
		{4DB8524C-E361-42FD-83C7-8276E865E2D4}.Debug|x64.Build.0 = Debug|Any CPU
		{4DB8524C-E361-42FD-83C7-8276E865E2D4}.Debug|x86.ActiveCfg = Debug|Any CPU
		{4DB8524C-E361-42FD-83C7-8276E865E2D4}.Debug|x86.Build.0 = Debug|Any CPU
		{4DB8524C-E361-42FD-83C7-8276E865E2D4}.Release|Any CPU.ActiveCfg = Release|Any CPU
		{4DB8524C-E361-42FD-83C7-8276E865E2D4}.Release|Any CPU.Build.0 = Release|Any CPU
		{4DB8524C-E361-42FD-83C7-8276E865E2D4}.Release|x64.ActiveCfg = Release|Any CPU
		{4DB8524C-E361-42FD-83C7-8276E865E2D4}.Release|x64.Build.0 = Release|Any CPU
		{4DB8524C-E361-42FD-83C7-8276E865E2D4}.Release|x86.ActiveCfg = Release|Any CPU
		{4DB8524C-E361-42FD-83C7-8276E865E2D4}.Release|x86.Build.0 = Release|Any CPU
		{C61513E1-8471-40F7-874C-2DA8C45275FB}.Debug|Any CPU.ActiveCfg = Debug|Any CPU
		{C61513E1-8471-40F7-874C-2DA8C45275FB}.Debug|Any CPU.Build.0 = Debug|Any CPU
		{C61513E1-8471-40F7-874C-2DA8C45275FB}.Debug|x64.ActiveCfg = Debug|Any CPU
		{C61513E1-8471-40F7-874C-2DA8C45275FB}.Debug|x64.Build.0 = Debug|Any CPU
		{C61513E1-8471-40F7-874C-2DA8C45275FB}.Debug|x86.ActiveCfg = Debug|Any CPU
		{C61513E1-8471-40F7-874C-2DA8C45275FB}.Debug|x86.Build.0 = Debug|Any CPU
		{C61513E1-8471-40F7-874C-2DA8C45275FB}.Release|Any CPU.ActiveCfg = Release|Any CPU
		{C61513E1-8471-40F7-874C-2DA8C45275FB}.Release|Any CPU.Build.0 = Release|Any CPU
		{C61513E1-8471-40F7-874C-2DA8C45275FB}.Release|x64.ActiveCfg = Release|Any CPU
		{C61513E1-8471-40F7-874C-2DA8C45275FB}.Release|x64.Build.0 = Release|Any CPU
		{C61513E1-8471-40F7-874C-2DA8C45275FB}.Release|x86.ActiveCfg = Release|Any CPU
		{C61513E1-8471-40F7-874C-2DA8C45275FB}.Release|x86.Build.0 = Release|Any CPU
	EndGlobalSection
	GlobalSection(SolutionProperties) = preSolution
		HideSolutionNode = FALSE
	EndGlobalSection
	GlobalSection(NestedProjects) = preSolution
		{9B33DE48-1A70-41C1-8A60-A67963605DA3} = {827E0CD3-B72D-47B6-A68D-7590B98EB39B}
		{88D14B27-70B6-4CB9-8ACD-F7991A175834} = {827E0CD3-B72D-47B6-A68D-7590B98EB39B}
		{B0288084-9245-4054-BB43-56FC187D29B5} = {827E0CD3-B72D-47B6-A68D-7590B98EB39B}
		{86A26B75-0719-4C47-BC51-9C586424F6F8} = {827E0CD3-B72D-47B6-A68D-7590B98EB39B}
		{CDE2FC1F-F49B-43EA-95FA-C16887D77BD3} = {827E0CD3-B72D-47B6-A68D-7590B98EB39B}
		{074A6A23-71A5-4E22-8752-229D4745D2B9} = {827E0CD3-B72D-47B6-A68D-7590B98EB39B}
		{47CA7C54-122C-42FE-A5B2-6DA5253FC81D} = {827E0CD3-B72D-47B6-A68D-7590B98EB39B}
		{AFB87429-16AB-4619-880D-91B292030E70} = {0AB3BF05-4346-4AA6-1389-037BE0695223}
		{CEFF04D5-896C-47DB-B0FB-B31BBDEAC3E7} = {0AB3BF05-4346-4AA6-1389-037BE0695223}
		{9580FDFC-37A4-41A0-8B3A-CA9FC9812D9E} = {0AB3BF05-4346-4AA6-1389-037BE0695223}
		{4DB8524C-E361-42FD-83C7-8276E865E2D4} = {0AB3BF05-4346-4AA6-1389-037BE0695223}
		{C61513E1-8471-40F7-874C-2DA8C45275FB} = {0AB3BF05-4346-4AA6-1389-037BE0695223}
	EndGlobalSection
EndGlobal
